
Microsoft Visual Studio Solution File, Format Version 12.00
# Visual Studio 15
Project("{FAE04EC0-301F-11D3-BF4B-00C04F79EFBC}") = "RedisLibrary", "RedisLibrary\RedisLibrary.csproj", "{EC2D3F23-6666-4C62-8BDE-273B5189A1A7}"
EndProject
Project("{FAE04EC0-301F-11D3-BF4B-00C04F79EFBC}") = "RedisLibrary.TestConsole", "RedisLibrary.TestConsole\RedisLibrary.TestConsole.csproj", "{0E0F60C0-F498-4062-A9A9-23D86AE5D4AB}"
EndProject
Global
	GlobalSection(SolutionConfigurationPlatforms) = preSolution
		Debug|Any CPU = Debug|Any CPU
		Release|Any CPU = Release|Any CPU
	EndGlobalSection
	GlobalSection(ProjectConfigurationPlatforms) = postSolution
		{EC2D3F23-6666-4C62-8BDE-273B5189A1A7}.Debug|Any CPU.ActiveCfg = Debug|Any CPU
		{EC2D3F23-6666-4C62-8BDE-273B5189A1A7}.Debug|Any CPU.Build.0 = Debug|Any CPU
		{EC2D3F23-6666-4C62-8BDE-273B5189A1A7}.Release|Any CPU.ActiveCfg = Release|Any CPU
		{EC2D3F23-6666-4C62-8BDE-273B5189A1A7}.Release|Any CPU.Build.0 = Release|Any CPU
		{0E0F60C0-F498-4062-A9A9-23D86AE5D4AB}.Debug|Any CPU.ActiveCfg = Debug|Any CPU
		{0E0F60C0-F498-4062-A9A9-23D86AE5D4AB}.Debug|Any CPU.Build.0 = Debug|Any CPU
		{0E0F60C0-F498-4062-A9A9-23D86AE5D4AB}.Release|Any CPU.ActiveCfg = Release|Any CPU
		{0E0F60C0-F498-4062-A9A9-23D86AE5D4AB}.Release|Any CPU.Build.0 = Release|Any CPU
	EndGlobalSection
	GlobalSection(NestedProjects) = preSolution
	EndGlobalSection
EndGlobal
